// !$*UTF8*$!
{
	archiveVersion = 1;
	classes = {
	};
	objectVersion = 46;
	objects = {

/* Begin PBXBuildFile section */
		1A90485919BE60550077A434 /* Foundation.framework in Frameworks */ = {isa = PBXBuildFile; fileRef = 1A90485819BE60550077A434 /* Foundation.framework */; };
		1A90485B19BE60550077A434 /* CoreGraphics.framework in Frameworks */ = {isa = PBXBuildFile; fileRef = 1A90485A19BE60550077A434 /* CoreGraphics.framework */; };
		1A90485D19BE60550077A434 /* UIKit.framework in Frameworks */ = {isa = PBXBuildFile; fileRef = 1A90485C19BE60550077A434 /* UIKit.framework */; };
		1A90486319BE60550077A434 /* InfoPlist.strings in Resources */ = {isa = PBXBuildFile; fileRef = 1A90486119BE60550077A434 /* InfoPlist.strings */; };
		1A90486519BE60550077A434 /* main.m in Sources */ = {isa = PBXBuildFile; fileRef = 1A90486419BE60550077A434 /* main.m */; };
		1A90486919BE60550077A434 /* WPAppDelegate.m in Sources */ = {isa = PBXBuildFile; fileRef = 1A90486819BE60550077A434 /* WPAppDelegate.m */; };
		1A90486C19BE60550077A434 /* Main.storyboard in Resources */ = {isa = PBXBuildFile; fileRef = 1A90486A19BE60550077A434 /* Main.storyboard */; };
		1A90486F19BE60550077A434 /* WPViewController.m in Sources */ = {isa = PBXBuildFile; fileRef = 1A90486E19BE60550077A434 /* WPViewController.m */; };
		1A90487119BE60550077A434 /* Images.xcassets in Resources */ = {isa = PBXBuildFile; fileRef = 1A90487019BE60550077A434 /* Images.xcassets */; };
		1A90487819BE60550077A434 /* XCTest.framework in Frameworks */ = {isa = PBXBuildFile; fileRef = 1A90487719BE60550077A434 /* XCTest.framework */; };
		1A90487919BE60550077A434 /* Foundation.framework in Frameworks */ = {isa = PBXBuildFile; fileRef = 1A90485819BE60550077A434 /* Foundation.framework */; };
		1A90487A19BE60550077A434 /* UIKit.framework in Frameworks */ = {isa = PBXBuildFile; fileRef = 1A90485C19BE60550077A434 /* UIKit.framework */; };
		1A90488219BE60550077A434 /* InfoPlist.strings in Resources */ = {isa = PBXBuildFile; fileRef = 1A90488019BE60550077A434 /* InfoPlist.strings */; };
		1A90488419BE60550077A434 /* Programa2_calculadoraTests.m in Sources */ = {isa = PBXBuildFile; fileRef = 1A90488319BE60550077A434 /* Programa2_calculadoraTests.m */; };
		F43359C719BF9A69009C31EB /* NSString+NSString_WS.m in Sources */ = {isa = PBXBuildFile; fileRef = F43359C619BF9A69009C31EB /* NSString+NSString_WS.m */; };
/* End PBXBuildFile section */

/* Begin PBXContainerItemProxy section */
		1A90487B19BE60550077A434 /* PBXContainerItemProxy */ = {
			isa = PBXContainerItemProxy;
			containerPortal = 1A90484D19BE60550077A434 /* Project object */;
			proxyType = 1;
			remoteGlobalIDString = 1A90485419BE60550077A434;
			remoteInfo = Programa2_calculadora;
		};
/* End PBXContainerItemProxy section */

/* Begin PBXFileReference section */
		1A90485519BE60550077A434 /* Programa2_calculadora.app */ = {isa = PBXFileReference; explicitFileType = wrapper.application; includeInIndex = 0; path = Programa2_calculadora.app; sourceTree = BUILT_PRODUCTS_DIR; };
		1A90485819BE60550077A434 /* Foundation.framework */ = {isa = PBXFileReference; lastKnownFileType = wrapper.framework; name = Foundation.framework; path = System/Library/Frameworks/Foundation.framework; sourceTree = SDKROOT; };
		1A90485A19BE60550077A434 /* CoreGraphics.framework */ = {isa = PBXFileReference; lastKnownFileType = wrapper.framework; name = CoreGraphics.framework; path = System/Library/Frameworks/CoreGraphics.framework; sourceTree = SDKROOT; };
		1A90485C19BE60550077A434 /* UIKit.framework */ = {isa = PBXFileReference; lastKnownFileType = wrapper.framework; name = UIKit.framework; path = System/Library/Frameworks/UIKit.framework; sourceTree = SDKROOT; };
		1A90486019BE60550077A434 /* Programa2_calculadora-Info.plist */ = {isa = PBXFileReference; lastKnownFileType = text.plist.xml; path = "Programa2_calculadora-Info.plist"; sourceTree = "<group>"; };
		1A90486219BE60550077A434 /* en */ = {isa = PBXFileReference; lastKnownFileType = text.plist.strings; name = en; path = en.lproj/InfoPlist.strings; sourceTree = "<group>"; };
		1A90486419BE60550077A434 /* main.m */ = {isa = PBXFileReference; lastKnownFileType = sourcecode.c.objc; path = main.m; sourceTree = "<group>"; };
		1A90486619BE60550077A434 /* Programa2_calculadora-Prefix.pch */ = {isa = PBXFileReference; lastKnownFileType = sourcecode.c.h; path = "Programa2_calculadora-Prefix.pch"; sourceTree = "<group>"; };
		1A90486719BE60550077A434 /* WPAppDelegate.h */ = {isa = PBXFileReference; lastKnownFileType = sourcecode.c.h; path = WPAppDelegate.h; sourceTree = "<group>"; };
		1A90486819BE60550077A434 /* WPAppDelegate.m */ = {isa = PBXFileReference; lastKnownFileType = sourcecode.c.objc; path = WPAppDelegate.m; sourceTree = "<group>"; };
		1A90486B19BE60550077A434 /* Base */ = {isa = PBXFileReference; lastKnownFileType = file.storyboard; name = Base; path = Base.lproj/Main.storyboard; sourceTree = "<group>"; };
		1A90486D19BE60550077A434 /* WPViewController.h */ = {isa = PBXFileReference; lastKnownFileType = sourcecode.c.h; path = WPViewController.h; sourceTree = "<group>"; };
		1A90486E19BE60550077A434 /* WPViewController.m */ = {isa = PBXFileReference; lastKnownFileType = sourcecode.c.objc; path = WPViewController.m; sourceTree = "<group>"; };
		1A90487019BE60550077A434 /* Images.xcassets */ = {isa = PBXFileReference; lastKnownFileType = folder.assetcatalog; path = Images.xcassets; sourceTree = "<group>"; };
		1A90487619BE60550077A434 /* Programa2_calculadoraTests.xctest */ = {isa = PBXFileReference; explicitFileType = wrapper.cfbundle; includeInIndex = 0; path = Programa2_calculadoraTests.xctest; sourceTree = BUILT_PRODUCTS_DIR; };
		1A90487719BE60550077A434 /* XCTest.framework */ = {isa = PBXFileReference; lastKnownFileType = wrapper.framework; name = XCTest.framework; path = Library/Frameworks/XCTest.framework; sourceTree = DEVELOPER_DIR; };
		1A90487F19BE60550077A434 /* Programa2_calculadoraTests-Info.plist */ = {isa = PBXFileReference; lastKnownFileType = text.plist.xml; path = "Programa2_calculadoraTests-Info.plist"; sourceTree = "<group>"; };
		1A90488119BE60550077A434 /* en */ = {isa = PBXFileReference; lastKnownFileType = text.plist.strings; name = en; path = en.lproj/InfoPlist.strings; sourceTree = "<group>"; };
		1A90488319BE60550077A434 /* Programa2_calculadoraTests.m */ = {isa = PBXFileReference; lastKnownFileType = sourcecode.c.objc; path = Programa2_calculadoraTests.m; sourceTree = "<group>"; };
		F43359C519BF9A69009C31EB /* NSString+NSString_WS.h */ = {isa = PBXFileReference; fileEncoding = 4; lastKnownFileType = sourcecode.c.h; name = "NSString+NSString_WS.h"; path = "Extensions/NSString+NSString_WS.h"; sourceTree = "<group>"; };
		F43359C619BF9A69009C31EB /* NSString+NSString_WS.m */ = {isa = PBXFileReference; fileEncoding = 4; lastKnownFileType = sourcecode.c.objc; name = "NSString+NSString_WS.m"; path = "Extensions/NSString+NSString_WS.m"; sourceTree = "<group>"; };
/* End PBXFileReference section */

/* Begin PBXFrameworksBuildPhase section */
		1A90485219BE60550077A434 /* Frameworks */ = {
			isa = PBXFrameworksBuildPhase;
			buildActionMask = 2147483647;
			files = (
				1A90485B19BE60550077A434 /* CoreGraphics.framework in Frameworks */,
				1A90485D19BE60550077A434 /* UIKit.framework in Frameworks */,
				1A90485919BE60550077A434 /* Foundation.framework in Frameworks */,
			);
			runOnlyForDeploymentPostprocessing = 0;
		};
		1A90487319BE60550077A434 /* Frameworks */ = {
			isa = PBXFrameworksBuildPhase;
			buildActionMask = 2147483647;
			files = (
				1A90487819BE60550077A434 /* XCTest.framework in Frameworks */,
				1A90487A19BE60550077A434 /* UIKit.framework in Frameworks */,
				1A90487919BE60550077A434 /* Foundation.framework in Frameworks */,
			);
			runOnlyForDeploymentPostprocessing = 0;
		};
/* End PBXFrameworksBuildPhase section */

/* Begin PBXGroup section */
		1A90484C19BE60550077A434 = {
			isa = PBXGroup;
			children = (
				1A90485E19BE60550077A434 /* Programa2_calculadora */,
				1A90487D19BE60550077A434 /* Programa2_calculadoraTests */,
				1A90485719BE60550077A434 /* Frameworks */,
				1A90485619BE60550077A434 /* Products */,
			);
			sourceTree = "<group>";
		};
		1A90485619BE60550077A434 /* Products */ = {
			isa = PBXGroup;
			children = (
				1A90485519BE60550077A434 /* Programa2_calculadora.app */,
				1A90487619BE60550077A434 /* Programa2_calculadoraTests.xctest */,
			);
			name = Products;
			sourceTree = "<group>";
		};
		1A90485719BE60550077A434 /* Frameworks */ = {
			isa = PBXGroup;
			children = (
				1A90485819BE60550077A434 /* Foundation.framework */,
				1A90485A19BE60550077A434 /* CoreGraphics.framework */,
				1A90485C19BE60550077A434 /* UIKit.framework */,
				1A90487719BE60550077A434 /* XCTest.framework */,
			);
			name = Frameworks;
			sourceTree = "<group>";
		};
		1A90485E19BE60550077A434 /* Programa2_calculadora */ = {
			isa = PBXGroup;
			children = (
				F43359C419BF9A09009C31EB /* Extensions */,
				1A90486719BE60550077A434 /* WPAppDelegate.h */,
				1A90486819BE60550077A434 /* WPAppDelegate.m */,
				1A90486A19BE60550077A434 /* Main.storyboard */,
				1A90486D19BE60550077A434 /* WPViewController.h */,
				1A90486E19BE60550077A434 /* WPViewController.m */,
				1A90487019BE60550077A434 /* Images.xcassets */,
				1A90485F19BE60550077A434 /* Supporting Files */,
			);
			path = Programa2_calculadora;
			sourceTree = "<group>";
		};
		1A90485F19BE60550077A434 /* Supporting Files */ = {
			isa = PBXGroup;
			children = (
				1A90486019BE60550077A434 /* Programa2_calculadora-Info.plist */,
				1A90486119BE60550077A434 /* InfoPlist.strings */,
				1A90486419BE60550077A434 /* main.m */,
				1A90486619BE60550077A434 /* Programa2_calculadora-Prefix.pch */,
			);
			name = "Supporting Files";
			sourceTree = "<group>";
		};
		1A90487D19BE60550077A434 /* Programa2_calculadoraTests */ = {
			isa = PBXGroup;
			children = (
				1A90488319BE60550077A434 /* Programa2_calculadoraTests.m */,
				1A90487E19BE60550077A434 /* Supporting Files */,
			);
			path = Programa2_calculadoraTests;
			sourceTree = "<group>";
		};
		1A90487E19BE60550077A434 /* Supporting Files */ = {
			isa = PBXGroup;
			children = (
				1A90487F19BE60550077A434 /* Programa2_calculadoraTests-Info.plist */,
				1A90488019BE60550077A434 /* InfoPlist.strings */,
			);
			name = "Supporting Files";
			sourceTree = "<group>";
		};
		F43359C419BF9A09009C31EB /* Extensions */ = {
			isa = PBXGroup;
			children = (
				F43359C519BF9A69009C31EB /* NSString+NSString_WS.h */,
				F43359C619BF9A69009C31EB /* NSString+NSString_WS.m */,
			);
			name = Extensions;
			sourceTree = "<group>";
		};
/* End PBXGroup section */

/* Begin PBXNativeTarget section */
		1A90485419BE60550077A434 /* Programa2_calculadora */ = {
			isa = PBXNativeTarget;
			buildConfigurationList = 1A90488719BE60550077A434 /* Build configuration list for PBXNativeTarget "Programa2_calculadora" */;
			buildPhases = (
				1A90485119BE60550077A434 /* Sources */,
				1A90485219BE60550077A434 /* Frameworks */,
				1A90485319BE60550077A434 /* Resources */,
			);
			buildRules = (
			);
			dependencies = (
			);
			name = Programa2_calculadora;
			productName = Programa2_calculadora;
			productReference = 1A90485519BE60550077A434 /* Programa2_calculadora.app */;
			productType = "com.apple.product-type.application";
		};
		1A90487519BE60550077A434 /* Programa2_calculadoraTests */ = {
			isa = PBXNativeTarget;
			buildConfigurationList = 1A90488A19BE60550077A434 /* Build configuration list for PBXNativeTarget "Programa2_calculadoraTests" */;
			buildPhases = (
				1A90487219BE60550077A434 /* Sources */,
				1A90487319BE60550077A434 /* Frameworks */,
				1A90487419BE60550077A434 /* Resources */,
			);
			buildRules = (
			);
			dependencies = (
				1A90487C19BE60550077A434 /* PBXTargetDependency */,
			);
			name = Programa2_calculadoraTests;
			productName = Programa2_calculadoraTests;
			productReference = 1A90487619BE60550077A434 /* Programa2_calculadoraTests.xctest */;
			productType = "com.apple.product-type.bundle.unit-test";
		};
/* End PBXNativeTarget section */

/* Begin PBXProject section */
		1A90484D19BE60550077A434 /* Project object */ = {
			isa = PBXProject;
			attributes = {
				CLASSPREFIX = WP;
				LastUpgradeCheck = 0510;
				ORGANIZATIONNAME = gunt_raro;
				TargetAttributes = {
					1A90487519BE60550077A434 = {
						TestTargetID = 1A90485419BE60550077A434;
					};
				};
			};
			buildConfigurationList = 1A90485019BE60550077A434 /* Build configuration list for PBXProject "Programa2_calculadora" */;
			compatibilityVersion = "Xcode 3.2";
			developmentRegion = English;
			hasScannedForEncodings = 0;
			knownRegions = (
				en,
				Base,
			);
			mainGroup = 1A90484C19BE60550077A434;
			productRefGroup = 1A90485619BE60550077A434 /* Products */;
			projectDirPath = "";
			projectRoot = "";
			targets = (
				1A90485419BE60550077A434 /* Programa2_calculadora */,
				1A90487519BE60550077A434 /* Programa2_calculadoraTests */,
			);
		};
/* End PBXProject section */

/* Begin PBXResourcesBuildPhase section */
		1A90485319BE60550077A434 /* Resources */ = {
			isa = PBXResourcesBuildPhase;
			buildActionMask = 2147483647;
			files = (
				1A90487119BE60550077A434 /* Images.xcassets in Resources */,
				1A90486319BE60550077A434 /* InfoPlist.strings in Resources */,
				1A90486C19BE60550077A434 /* Main.storyboard in Resources */,
			);
			runOnlyForDeploymentPostprocessing = 0;
		};
		1A90487419BE60550077A434 /* Resources */ = {
			isa = PBXResourcesBuildPhase;
			buildActionMask = 2147483647;
			files = (
				1A90488219BE60550077A434 /* InfoPlist.strings in Resources */,
			);
			runOnlyForDeploymentPostprocessing = 0;
		};
/* End PBXResourcesBuildPhase section */

/* Begin PBXSourcesBuildPhase section */
		1A90485119BE60550077A434 /* Sources */ = {
			isa = PBXSourcesBuildPhase;
			buildActionMask = 2147483647;
			files = (
				1A90486519BE60550077A434 /* main.m in Sources */,
				F43359C719BF9A69009C31EB /* NSString+NSString_WS.m in Sources */,
				1A90486919BE60550077A434 /* WPAppDelegate.m in Sources */,
				1A90486F19BE60550077A434 /* WPViewController.m in Sources */,
			);
			runOnlyForDeploymentPostprocessing = 0;
		};
		1A90487219BE60550077A434 /* Sources */ = {
			isa = PBXSourcesBuildPhase;
			buildActionMask = 2147483647;
			files = (
				1A90488419BE60550077A434 /* Programa2_calculadoraTests.m in Sources */,
			);
			runOnlyForDeploymentPostprocessing = 0;
		};
/* End PBXSourcesBuildPhase section */

/* Begin PBXTargetDependency section */
		1A90487C19BE60550077A434 /* PBXTargetDependency */ = {
			isa = PBXTargetDependency;
			target = 1A90485419BE60550077A434 /* Programa2_calculadora */;
			targetProxy = 1A90487B19BE60550077A434 /* PBXContainerItemProxy */;
		};
/* End PBXTargetDependency section */

/* Begin PBXVariantGroup section */
		1A90486119BE60550077A434 /* InfoPlist.strings */ = {
			isa = PBXVariantGroup;
			children = (
				1A90486219BE60550077A434 /* en */,
			);
			name = InfoPlist.strings;
			sourceTree = "<group>";
		};
		1A90486A19BE60550077A434 /* Main.storyboard */ = {
			isa = PBXVariantGroup;
			children = (
				1A90486B19BE60550077A434 /* Base */,
			);
			name = Main.storyboard;
			sourceTree = "<group>";
		};
		1A90488019BE60550077A434 /* InfoPlist.strings */ = {
			isa = PBXVariantGroup;
			children = (
				1A90488119BE60550077A434 /* en */,
			);
			name = InfoPlist.strings;
			sourceTree = "<group>";
		};
/* End PBXVariantGroup section */

/* Begin XCBuildConfiguration section */
		1A90488519BE60550077A434 /* Debug */ = {
			isa = XCBuildConfiguration;
			buildSettings = {
				ALWAYS_SEARCH_USER_PATHS = NO;
				CLANG_CXX_LANGUAGE_STANDARD = "gnu++0x";
				CLANG_CXX_LIBRARY = "libc++";
				CLANG_ENABLE_MODULES = YES;
				CLANG_ENABLE_OBJC_ARC = YES;
				CLANG_WARN_BOOL_CONVERSION = YES;
				CLANG_WARN_CONSTANT_CONVERSION = YES;
				CLANG_WARN_DIRECT_OBJC_ISA_USAGE = YES_ERROR;
				CLANG_WARN_EMPTY_BODY = YES;
				CLANG_WARN_ENUM_CONVERSION = YES;
				CLANG_WARN_INT_CONVERSION = YES;
				CLANG_WARN_OBJC_ROOT_CLASS = YES_ERROR;
				CLANG_WARN__DUPLICATE_METHOD_MATCH = YES;
				"CODE_SIGN_IDENTITY[sdk=iphoneos*]" = "iPhone Developer";
				COPY_PHASE_STRIP = NO;
				GCC_C_LANGUAGE_STANDARD = gnu99;
				GCC_DYNAMIC_NO_PIC = NO;
				GCC_OPTIMIZATION_LEVEL = 0;
				GCC_PREPROCESSOR_DEFINITIONS = (
					"DEBUG=1",
					"$(inherited)",
				);
				GCC_SYMBOLS_PRIVATE_EXTERN = NO;
				GCC_WARN_64_TO_32_BIT_CONVERSION = YES;
				GCC_WARN_ABOUT_RETURN_TYPE = YES_ERROR;
				GCC_WARN_UNDECLARED_SELECTOR = YES;
				GCC_WARN_UNINITIALIZED_AUTOS = YES_AGGRESSIVE;
				GCC_WARN_UNUSED_FUNCTION = YES;
				GCC_WARN_UNUSED_VARIABLE = YES;
				IPHONEOS_DEPLOYMENT_TARGET = 7.1;
				ONLY_ACTIVE_ARCH = YES;
				SDKROOT = iphoneos;
			};
			name = Debug;
		};
		1A90488619BE60550077A434 /* Release */ = {
			isa = XCBuildConfiguration;
			buildSettings = {
				ALWAYS_SEARCH_USER_PATHS = NO;
				CLANG_CXX_LANGUAGE_STANDARD = "gnu++0x";
				CLANG_CXX_LIBRARY = "libc++";
				CLANG_ENABLE_MODULES = YES;
				CLANG_ENABLE_OBJC_ARC = YES;
				CLANG_WARN_BOOL_CONVERSION = YES;
				CLANG_WARN_CONSTANT_CONVERSION = YES;
				CLANG_WARN_DIRECT_OBJC_ISA_USAGE = YES_ERROR;
				CLANG_WARN_EMPTY_BODY = YES;
				CLANG_WARN_ENUM_CONVERSION = YES;
				CLANG_WARN_INT_CONVERSION = YES;
				CLANG_WARN_OBJC_ROOT_CLASS = YES_ERROR;
				CLANG_WARN__DUPLICATE_METHOD_MATCH = YES;
				"CODE_SIGN_IDENTITY[sdk=iphoneos*]" = "iPhone Developer";
				COPY_PHASE_STRIP = YES;
				ENABLE_NS_ASSERTIONS = NO;
				GCC_C_LANGUAGE_STANDARD = gnu99;
				GCC_WARN_64_TO_32_BIT_CONVERSION = YES;
				GCC_WARN_ABOUT_RETURN_TYPE = YES_ERROR;
				GCC_WARN_UNDECLARED_SELECTOR = YES;
				GCC_WARN_UNINITIALIZED_AUTOS = YES_AGGRESSIVE;
				GCC_WARN_UNUSED_FUNCTION = YES;
				GCC_WARN_UNUSED_VARIABLE = YES;
				IPHONEOS_DEPLOYMENT_TARGET = 7.1;
				SDKROOT = iphoneos;
				VALIDATE_PRODUCT = YES;
			};
			name = Release;
		};
		1A90488819BE60550077A434 /* Debug */ = {
			isa = XCBuildConfiguration;
			buildSettings = {
				ASSETCATALOG_COMPILER_APPICON_NAME = AppIcon;
				ASSETCATALOG_COMPILER_LAUNCHIMAGE_NAME = LaunchImage;
				GCC_PRECOMPILE_PREFIX_HEADER = YES;
				GCC_PREFIX_HEADER = "Programa2_calculadora/Programa2_calculadora-Prefix.pch";
				INFOPLIST_FILE = "Programa2_calculadora/Programa2_calculadora-Info.plist";
				IPHONEOS_DEPLOYMENT_TARGET = 7.1;
				PRODUCT_NAME = "$(TARGET_NAME)";
				TARGETED_DEVICE_FAMILY = 1;
				WRAPPER_EXTENSION = app;
			};
			name = Debug;
		};
		1A90488919BE60550077A434 /* Release */ = {
			isa = XCBuildConfiguration;
			buildSettings = {
				ASSETCATALOG_COMPILER_APPICON_NAME = AppIcon;
				ASSETCATALOG_COMPILER_LAUNCHIMAGE_NAME = LaunchImage;
				GCC_PRECOMPILE_PREFIX_HEADER = YES;
				GCC_PREFIX_HEADER = "Programa2_calculadora/Programa2_calculadora-Prefix.pch";
				INFOPLIST_FILE = "Programa2_calculadora/Programa2_calculadora-Info.plist";
				IPHONEOS_DEPLOYMENT_TARGET = 7.1;
				PRODUCT_NAME = "$(TARGET_NAME)";
				TARGETED_DEVICE_FAMILY = 1;
				WRAPPER_EXTENSION = app;
			};
			name = Release;
		};
		1A90488B19BE60550077A434 /* Debug */ = {
			isa = XCBuildConfiguration;
			buildSettings = {
				BUNDLE_LOADER = "$(BUILT_PRODUCTS_DIR)/Programa2_calculadora.app/Programa2_calculadora";
				FRAMEWORK_SEARCH_PATHS = (
					"$(SDKROOT)/Developer/Library/Frameworks",
					"$(inherited)",
					"$(DEVELOPER_FRAMEWORKS_DIR)",
				);
				GCC_PRECOMPILE_PREFIX_HEADER = YES;
				GCC_PREFIX_HEADER = "Programa2_calculadora/Programa2_calculadora-Prefix.pch";
				GCC_PREPROCESSOR_DEFINITIONS = (
					"DEBUG=1",
					"$(inherited)",
				);
				INFOPLIST_FILE = "Programa2_calculadoraTests/Programa2_calculadoraTests-Info.plist";
				PRODUCT_NAME = "$(TARGET_NAME)";
				TEST_HOST = "$(BUNDLE_LOADER)";
				WRAPPER_EXTENSION = xctest;
			};
			name = Debug;
		};
		1A90488C19BE60550077A434 /* Release */ = {
			isa = XCBuildConfiguration;
			buildSettings = {
				BUNDLE_LOADER = "$(BUILT_PRODUCTS_DIR)/Programa2_calculadora.app/Programa2_calculadora";
				FRAMEWORK_SEARCH_PATHS = (
					"$(SDKROOT)/Developer/Library/Frameworks",
					"$(inherited)",
					"$(DEVELOPER_FRAMEWORKS_DIR)",
				);
				GCC_PRECOMPILE_PREFIX_HEADER = YES;
				GCC_PREFIX_HEADER = "Programa2_calculadora/Programa2_calculadora-Prefix.pch";
				INFOPLIST_FILE = "Programa2_calculadoraTests/Programa2_calculadoraTests-Info.plist";
				PRODUCT_NAME = "$(TARGET_NAME)";
				TEST_HOST = "$(BUNDLE_LOADER)";
				WRAPPER_EXTENSION = xctest;
			};
			name = Release;
		};
/* End XCBuildConfiguration section */

/* Begin XCConfigurationList section */
		1A90485019BE60550077A434 /* Build configuration list for PBXProject "Programa2_calculadora" */ = {
			isa = XCConfigurationList;
			buildConfigurations = (
				1A90488519BE60550077A434 /* Debug */,
				1A90488619BE60550077A434 /* Release */,
			);
			defaultConfigurationIsVisible = 0;
			defaultConfigurationName = Release;
		};
		1A90488719BE60550077A434 /* Build configuration list for PBXNativeTarget "Programa2_calculadora" */ = {
			isa = XCConfigurationList;
			buildConfigurations = (
				1A90488819BE60550077A434 /* Debug */,
				1A90488919BE60550077A434 /* Release */,
			);
			defaultConfigurationIsVisible = 0;
			defaultConfigurationName = Release;
		};
		1A90488A19BE60550077A434 /* Build configuration list for PBXNativeTarget "Programa2_calculadoraTests" */ = {
			isa = XCConfigurationList;
			buildConfigurations = (
				1A90488B19BE60550077A434 /* Debug */,
				1A90488C19BE60550077A434 /* Release */,
			);
			defaultConfigurationIsVisible = 0;
			defaultConfigurationName = Release;
		};
/* End XCConfigurationList section */
	};
	rootObject = 1A90484D19BE60550077A434 /* Project object */;
}
